// !$*UTF8*$!
{
	archiveVersion = 1;
	classes = {
	};
	objectVersion = 50;
	objects = {

/* Begin PBXBuildFile section */
		9F9CC1FA23E0DA3B00922D26 /* AppDelegate.swift in Sources */ = {isa = PBXBuildFile; fileRef = 9F9CC1F923E0DA3B00922D26 /* AppDelegate.swift */; };
		9F9CC1FC23E0DA3B00922D26 /* SceneDelegate.swift in Sources */ = {isa = PBXBuildFile; fileRef = 9F9CC1FB23E0DA3B00922D26 /* SceneDelegate.swift */; };
		9F9CC1FE23E0DA3B00922D26 /* ViewController.swift in Sources */ = {isa = PBXBuildFile; fileRef = 9F9CC1FD23E0DA3B00922D26 /* ViewController.swift */; };
		9F9CC20123E0DA3B00922D26 /* Main.storyboard in Resources */ = {isa = PBXBuildFile; fileRef = 9F9CC1FF23E0DA3B00922D26 /* Main.storyboard */; };
		9F9CC20323E0DA3D00922D26 /* Assets.xcassets in Resources */ = {isa = PBXBuildFile; fileRef = 9F9CC20223E0DA3D00922D26 /* Assets.xcassets */; };
		9F9CC20623E0DA3D00922D26 /* LaunchScreen.storyboard in Resources */ = {isa = PBXBuildFile; fileRef = 9F9CC20423E0DA3D00922D26 /* LaunchScreen.storyboard */; };
		9F9CC21123E0DA3D00922D26 /* Programmatic_UI_LabTests.swift in Sources */ = {isa = PBXBuildFile; fileRef = 9F9CC21023E0DA3D00922D26 /* Programmatic_UI_LabTests.swift */; };
/* End PBXBuildFile section */

/* Begin PBXContainerItemProxy section */
		9F9CC20D23E0DA3D00922D26 /* PBXContainerItemProxy */ = {
			isa = PBXContainerItemProxy;
			containerPortal = 9F9CC1EE23E0DA3B00922D26 /* Project object */;
			proxyType = 1;
			remoteGlobalIDString = 9F9CC1F523E0DA3B00922D26;
			remoteInfo = "Programmatic UI Lab";
		};
/* End PBXContainerItemProxy section */

/* Begin PBXFileReference section */
		9F9CC1F623E0DA3B00922D26 /* Programmatic UI Lab.app */ = {isa = PBXFileReference; explicitFileType = wrapper.application; includeInIndex = 0; path = "Programmatic UI Lab.app"; sourceTree = BUILT_PRODUCTS_DIR; };
		9F9CC1F923E0DA3B00922D26 /* AppDelegate.swift */ = {isa = PBXFileReference; lastKnownFileType = sourcecode.swift; path = AppDelegate.swift; sourceTree = "<group>"; };
		9F9CC1FB23E0DA3B00922D26 /* SceneDelegate.swift */ = {isa = PBXFileReference; lastKnownFileType = sourcecode.swift; path = SceneDelegate.swift; sourceTree = "<group>"; };
		9F9CC1FD23E0DA3B00922D26 /* ViewController.swift */ = {isa = PBXFileReference; lastKnownFileType = sourcecode.swift; path = ViewController.swift; sourceTree = "<group>"; };
		9F9CC20023E0DA3B00922D26 /* Base */ = {isa = PBXFileReference; lastKnownFileType = file.storyboard; name = Base; path = Base.lproj/Main.storyboard; sourceTree = "<group>"; };
		9F9CC20223E0DA3D00922D26 /* Assets.xcassets */ = {isa = PBXFileReference; lastKnownFileType = folder.assetcatalog; path = Assets.xcassets; sourceTree = "<group>"; };
		9F9CC20523E0DA3D00922D26 /* Base */ = {isa = PBXFileReference; lastKnownFileType = file.storyboard; name = Base; path = Base.lproj/LaunchScreen.storyboard; sourceTree = "<group>"; };
		9F9CC20723E0DA3D00922D26 /* Info.plist */ = {isa = PBXFileReference; lastKnownFileType = text.plist.xml; path = Info.plist; sourceTree = "<group>"; };
		9F9CC20C23E0DA3D00922D26 /* Programmatic UI LabTests.xctest */ = {isa = PBXFileReference; explicitFileType = wrapper.cfbundle; includeInIndex = 0; path = "Programmatic UI LabTests.xctest"; sourceTree = BUILT_PRODUCTS_DIR; };
		9F9CC21023E0DA3D00922D26 /* Programmatic_UI_LabTests.swift */ = {isa = PBXFileReference; lastKnownFileType = sourcecode.swift; path = Programmatic_UI_LabTests.swift; sourceTree = "<group>"; };
		9F9CC21223E0DA3D00922D26 /* Info.plist */ = {isa = PBXFileReference; lastKnownFileType = text.plist.xml; path = Info.plist; sourceTree = "<group>"; };
/* End PBXFileReference section */

/* Begin PBXFrameworksBuildPhase section */
		9F9CC1F323E0DA3B00922D26 /* Frameworks */ = {
			isa = PBXFrameworksBuildPhase;
			buildActionMask = 2147483647;
			files = (
			);
			runOnlyForDeploymentPostprocessing = 0;
		};
		9F9CC20923E0DA3D00922D26 /* Frameworks */ = {
			isa = PBXFrameworksBuildPhase;
			buildActionMask = 2147483647;
			files = (
			);
			runOnlyForDeploymentPostprocessing = 0;
		};
/* End PBXFrameworksBuildPhase section */

/* Begin PBXGroup section */
		9F9CC1ED23E0DA3B00922D26 = {
			isa = PBXGroup;
			children = (
				9F9CC1F823E0DA3B00922D26 /* Programmatic UI Lab */,
				9F9CC20F23E0DA3D00922D26 /* Programmatic UI LabTests */,
				9F9CC1F723E0DA3B00922D26 /* Products */,
			);
			sourceTree = "<group>";
		};
		9F9CC1F723E0DA3B00922D26 /* Products */ = {
			isa = PBXGroup;
			children = (
				9F9CC1F623E0DA3B00922D26 /* Programmatic UI Lab.app */,
				9F9CC20C23E0DA3D00922D26 /* Programmatic UI LabTests.xctest */,
			);
			name = Products;
			sourceTree = "<group>";
		};
		9F9CC1F823E0DA3B00922D26 /* Programmatic UI Lab */ = {
			isa = PBXGroup;
			children = (
				9F9CC1F923E0DA3B00922D26 /* AppDelegate.swift */,
				9F9CC1FB23E0DA3B00922D26 /* SceneDelegate.swift */,
				9F9CC1FD23E0DA3B00922D26 /* ViewController.swift */,
				9F9CC1FF23E0DA3B00922D26 /* Main.storyboard */,
				9F9CC20223E0DA3D00922D26 /* Assets.xcassets */,
				9F9CC20423E0DA3D00922D26 /* LaunchScreen.storyboard */,
				9F9CC20723E0DA3D00922D26 /* Info.plist */,
			);
			path = "Programmatic UI Lab";
			sourceTree = "<group>";
		};
		9F9CC20F23E0DA3D00922D26 /* Programmatic UI LabTests */ = {
			isa = PBXGroup;
			children = (
				9F9CC21023E0DA3D00922D26 /* Programmatic_UI_LabTests.swift */,
				9F9CC21223E0DA3D00922D26 /* Info.plist */,
			);
			path = "Programmatic UI LabTests";
			sourceTree = "<group>";
		};
/* End PBXGroup section */

/* Begin PBXNativeTarget section */
		9F9CC1F523E0DA3B00922D26 /* Programmatic UI Lab */ = {
			isa = PBXNativeTarget;
			buildConfigurationList = 9F9CC21523E0DA3D00922D26 /* Build configuration list for PBXNativeTarget "Programmatic UI Lab" */;
			buildPhases = (
				9F9CC1F223E0DA3B00922D26 /* Sources */,
				9F9CC1F323E0DA3B00922D26 /* Frameworks */,
				9F9CC1F423E0DA3B00922D26 /* Resources */,
			);
			buildRules = (
			);
			dependencies = (
			);
			name = "Programmatic UI Lab";
			productName = "Programmatic UI Lab";
			productReference = 9F9CC1F623E0DA3B00922D26 /* Programmatic UI Lab.app */;
			productType = "com.apple.product-type.application";
		};
		9F9CC20B23E0DA3D00922D26 /* Programmatic UI LabTests */ = {
			isa = PBXNativeTarget;
			buildConfigurationList = 9F9CC21823E0DA3D00922D26 /* Build configuration list for PBXNativeTarget "Programmatic UI LabTests" */;
			buildPhases = (
				9F9CC20823E0DA3D00922D26 /* Sources */,
				9F9CC20923E0DA3D00922D26 /* Frameworks */,
				9F9CC20A23E0DA3D00922D26 /* Resources */,
			);
			buildRules = (
			);
			dependencies = (
				9F9CC20E23E0DA3D00922D26 /* PBXTargetDependency */,
			);
			name = "Programmatic UI LabTests";
			productName = "Programmatic UI LabTests";
			productReference = 9F9CC20C23E0DA3D00922D26 /* Programmatic UI LabTests.xctest */;
			productType = "com.apple.product-type.bundle.unit-test";
		};
/* End PBXNativeTarget section */

/* Begin PBXProject section */
		9F9CC1EE23E0DA3B00922D26 /* Project object */ = {
			isa = PBXProject;
			attributes = {
				LastSwiftUpdateCheck = 1130;
				LastUpgradeCheck = 1130;
				ORGANIZATIONNAME = "Margiett Gil";
				TargetAttributes = {
					9F9CC1F523E0DA3B00922D26 = {
						CreatedOnToolsVersion = 11.3;
					};
					9F9CC20B23E0DA3D00922D26 = {
						CreatedOnToolsVersion = 11.3;
						TestTargetID = 9F9CC1F523E0DA3B00922D26;
					};
				};
			};
			buildConfigurationList = 9F9CC1F123E0DA3B00922D26 /* Build configuration list for PBXProject "Programmatic UI Lab" */;
			compatibilityVersion = "Xcode 9.3";
			developmentRegion = en;
			hasScannedForEncodings = 0;
			knownRegions = (
				en,
				Base,
			);
			mainGroup = 9F9CC1ED23E0DA3B00922D26;
			productRefGroup = 9F9CC1F723E0DA3B00922D26 /* Products */;
			projectDirPath = "";
			projectRoot = "";
			targets = (
				9F9CC1F523E0DA3B00922D26 /* Programmatic UI Lab */,
				9F9CC20B23E0DA3D00922D26 /* Programmatic UI LabTests */,
			);
		};
/* End PBXProject section */

/* Begin PBXResourcesBuildPhase section */
		9F9CC1F423E0DA3B00922D26 /* Resources */ = {
			isa = PBXResourcesBuildPhase;
			buildActionMask = 2147483647;
			files = (
				9F9CC20623E0DA3D00922D26 /* LaunchScreen.storyboard in Resources */,
				9F9CC20323E0DA3D00922D26 /* Assets.xcassets in Resources */,
				9F9CC20123E0DA3B00922D26 /* Main.storyboard in Resources */,
			);
			runOnlyForDeploymentPostprocessing = 0;
		};
		9F9CC20A23E0DA3D00922D26 /* Resources */ = {
			isa = PBXResourcesBuildPhase;
			buildActionMask = 2147483647;
			files = (
			);
			runOnlyForDeploymentPostprocessing = 0;
		};
/* End PBXResourcesBuildPhase section */

/* Begin PBXSourcesBuildPhase section */
		9F9CC1F223E0DA3B00922D26 /* Sources */ = {
			isa = PBXSourcesBuildPhase;
			buildActionMask = 2147483647;
			files = (
				9F9CC1FE23E0DA3B00922D26 /* ViewController.swift in Sources */,
				9F9CC1FA23E0DA3B00922D26 /* AppDelegate.swift in Sources */,
				9F9CC1FC23E0DA3B00922D26 /* SceneDelegate.swift in Sources */,
			);
			runOnlyForDeploymentPostprocessing = 0;
		};
		9F9CC20823E0DA3D00922D26 /* Sources */ = {
			isa = PBXSourcesBuildPhase;
			buildActionMask = 2147483647;
			files = (
				9F9CC21123E0DA3D00922D26 /* Programmatic_UI_LabTests.swift in Sources */,
			);
			runOnlyForDeploymentPostprocessing = 0;
		};
/* End PBXSourcesBuildPhase section */

/* Begin PBXTargetDependency section */
		9F9CC20E23E0DA3D00922D26 /* PBXTargetDependency */ = {
			isa = PBXTargetDependency;
			target = 9F9CC1F523E0DA3B00922D26 /* Programmatic UI Lab */;
			targetProxy = 9F9CC20D23E0DA3D00922D26 /* PBXContainerItemProxy */;
		};
/* End PBXTargetDependency section */

/* Begin PBXVariantGroup section */
		9F9CC1FF23E0DA3B00922D26 /* Main.storyboard */ = {
			isa = PBXVariantGroup;
			children = (
				9F9CC20023E0DA3B00922D26 /* Base */,
			);
			name = Main.storyboard;
			sourceTree = "<group>";
		};
		9F9CC20423E0DA3D00922D26 /* LaunchScreen.storyboard */ = {
			isa = PBXVariantGroup;
			children = (
				9F9CC20523E0DA3D00922D26 /* Base */,
			);
			name = LaunchScreen.storyboard;
			sourceTree = "<group>";
		};
/* End PBXVariantGroup section */

/* Begin XCBuildConfiguration section */
		9F9CC21323E0DA3D00922D26 /* Debug */ = {
			isa = XCBuildConfiguration;
			buildSettings = {
				ALWAYS_SEARCH_USER_PATHS = NO;
				CLANG_ANALYZER_NONNULL = YES;
				CLANG_ANALYZER_NUMBER_OBJECT_CONVERSION = YES_AGGRESSIVE;
				CLANG_CXX_LANGUAGE_STANDARD = "gnu++14";
				CLANG_CXX_LIBRARY = "libc++";
				CLANG_ENABLE_MODULES = YES;
				CLANG_ENABLE_OBJC_ARC = YES;
				CLANG_ENABLE_OBJC_WEAK = YES;
				CLANG_WARN_BLOCK_CAPTURE_AUTORELEASING = YES;
				CLANG_WARN_BOOL_CONVERSION = YES;
				CLANG_WARN_COMMA = YES;
				CLANG_WARN_CONSTANT_CONVERSION = YES;
				CLANG_WARN_DEPRECATED_OBJC_IMPLEMENTATIONS = YES;
				CLANG_WARN_DIRECT_OBJC_ISA_USAGE = YES_ERROR;
				CLANG_WARN_DOCUMENTATION_COMMENTS = YES;
				CLANG_WARN_EMPTY_BODY = YES;
				CLANG_WARN_ENUM_CONVERSION = YES;
				CLANG_WARN_INFINITE_RECURSION = YES;
				CLANG_WARN_INT_CONVERSION = YES;
				CLANG_WARN_NON_LITERAL_NULL_CONVERSION = YES;
				CLANG_WARN_OBJC_IMPLICIT_RETAIN_SELF = YES;
				CLANG_WARN_OBJC_LITERAL_CONVERSION = YES;
				CLANG_WARN_OBJC_ROOT_CLASS = YES_ERROR;
				CLANG_WARN_RANGE_LOOP_ANALYSIS = YES;
				CLANG_WARN_STRICT_PROTOTYPES = YES;
				CLANG_WARN_SUSPICIOUS_MOVE = YES;
				CLANG_WARN_UNGUARDED_AVAILABILITY = YES_AGGRESSIVE;
				CLANG_WARN_UNREACHABLE_CODE = YES;
				CLANG_WARN__DUPLICATE_METHOD_MATCH = YES;
				COPY_PHASE_STRIP = NO;
				DEBUG_INFORMATION_FORMAT = dwarf;
				ENABLE_STRICT_OBJC_MSGSEND = YES;
				ENABLE_TESTABILITY = YES;
				GCC_C_LANGUAGE_STANDARD = gnu11;
				GCC_DYNAMIC_NO_PIC = NO;
				GCC_NO_COMMON_BLOCKS = YES;
				GCC_OPTIMIZATION_LEVEL = 0;
				GCC_PREPROCESSOR_DEFINITIONS = (
					"DEBUG=1",
					"$(inherited)",
				);
				GCC_WARN_64_TO_32_BIT_CONVERSION = YES;
				GCC_WARN_ABOUT_RETURN_TYPE = YES_ERROR;
				GCC_WARN_UNDECLARED_SELECTOR = YES;
				GCC_WARN_UNINITIALIZED_AUTOS = YES_AGGRESSIVE;
				GCC_WARN_UNUSED_FUNCTION = YES;
				GCC_WARN_UNUSED_VARIABLE = YES;
				IPHONEOS_DEPLOYMENT_TARGET = 13.2;
				MTL_ENABLE_DEBUG_INFO = INCLUDE_SOURCE;
				MTL_FAST_MATH = YES;
				ONLY_ACTIVE_ARCH = YES;
				SDKROOT = iphoneos;
				SWIFT_ACTIVE_COMPILATION_CONDITIONS = DEBUG;
				SWIFT_OPTIMIZATION_LEVEL = "-Onone";
			};
			name = Debug;
		};
		9F9CC21423E0DA3D00922D26 /* Release */ = {
			isa = XCBuildConfiguration;
			buildSettings = {
				ALWAYS_SEARCH_USER_PATHS = NO;
				CLANG_ANALYZER_NONNULL = YES;
				CLANG_ANALYZER_NUMBER_OBJECT_CONVERSION = YES_AGGRESSIVE;
				CLANG_CXX_LANGUAGE_STANDARD = "gnu++14";
				CLANG_CXX_LIBRARY = "libc++";
				CLANG_ENABLE_MODULES = YES;
				CLANG_ENABLE_OBJC_ARC = YES;
				CLANG_ENABLE_OBJC_WEAK = YES;
				CLANG_WARN_BLOCK_CAPTURE_AUTORELEASING = YES;
				CLANG_WARN_BOOL_CONVERSION = YES;
				CLANG_WARN_COMMA = YES;
				CLANG_WARN_CONSTANT_CONVERSION = YES;
				CLANG_WARN_DEPRECATED_OBJC_IMPLEMENTATIONS = YES;
				CLANG_WARN_DIRECT_OBJC_ISA_USAGE = YES_ERROR;
				CLANG_WARN_DOCUMENTATION_COMMENTS = YES;
				CLANG_WARN_EMPTY_BODY = YES;
				CLANG_WARN_ENUM_CONVERSION = YES;
				CLANG_WARN_INFINITE_RECURSION = YES;
				CLANG_WARN_INT_CONVERSION = YES;
				CLANG_WARN_NON_LITERAL_NULL_CONVERSION = YES;
				CLANG_WARN_OBJC_IMPLICIT_RETAIN_SELF = YES;
				CLANG_WARN_OBJC_LITERAL_CONVERSION = YES;
				CLANG_WARN_OBJC_ROOT_CLASS = YES_ERROR;
				CLANG_WARN_RANGE_LOOP_ANALYSIS = YES;
				CLANG_WARN_STRICT_PROTOTYPES = YES;
				CLANG_WARN_SUSPICIOUS_MOVE = YES;
				CLANG_WARN_UNGUARDED_AVAILABILITY = YES_AGGRESSIVE;
				CLANG_WARN_UNREACHABLE_CODE = YES;
				CLANG_WARN__DUPLICATE_METHOD_MATCH = YES;
				COPY_PHASE_STRIP = NO;
				DEBUG_INFORMATION_FORMAT = "dwarf-with-dsym";
				ENABLE_NS_ASSERTIONS = NO;
				ENABLE_STRICT_OBJC_MSGSEND = YES;
				GCC_C_LANGUAGE_STANDARD = gnu11;
				GCC_NO_COMMON_BLOCKS = YES;
				GCC_WARN_64_TO_32_BIT_CONVERSION = YES;
				GCC_WARN_ABOUT_RETURN_TYPE = YES_ERROR;
				GCC_WARN_UNDECLARED_SELECTOR = YES;
				GCC_WARN_UNINITIALIZED_AUTOS = YES_AGGRESSIVE;
				GCC_WARN_UNUSED_FUNCTION = YES;
				GCC_WARN_UNUSED_VARIABLE = YES;
				IPHONEOS_DEPLOYMENT_TARGET = 13.2;
				MTL_ENABLE_DEBUG_INFO = NO;
				MTL_FAST_MATH = YES;
				SDKROOT = iphoneos;
				SWIFT_COMPILATION_MODE = wholemodule;
				SWIFT_OPTIMIZATION_LEVEL = "-O";
				VALIDATE_PRODUCT = YES;
			};
			name = Release;
		};
		9F9CC21623E0DA3D00922D26 /* Debug */ = {
			isa = XCBuildConfiguration;
			buildSettings = {
				ASSETCATALOG_COMPILER_APPICON_NAME = AppIcon;
				CODE_SIGN_STYLE = Automatic;
				DEVELOPMENT_TEAM = J35376R2S6;
				INFOPLIST_FILE = "Programmatic UI Lab/Info.plist";
				LD_RUNPATH_SEARCH_PATHS = (
					"$(inherited)",
					"@executable_path/Frameworks",
				);
				PRODUCT_BUNDLE_IDENTIFIER = "com.Margiett.Programmatic-UI-Lab";
				PRODUCT_NAME = "$(TARGET_NAME)";
				SWIFT_VERSION = 5.0;
				TARGETED_DEVICE_FAMILY = "1,2";
			};
			name = Debug;
		};
		9F9CC21723E0DA3D00922D26 /* Release */ = {
			isa = XCBuildConfiguration;
			buildSettings = {
				ASSETCATALOG_COMPILER_APPICON_NAME = AppIcon;
				CODE_SIGN_STYLE = Automatic;
				DEVELOPMENT_TEAM = J35376R2S6;
				INFOPLIST_FILE = "Programmatic UI Lab/Info.plist";
				LD_RUNPATH_SEARCH_PATHS = (
					"$(inherited)",
					"@executable_path/Frameworks",
				);
				PRODUCT_BUNDLE_IDENTIFIER = "com.Margiett.Programmatic-UI-Lab";
				PRODUCT_NAME = "$(TARGET_NAME)";
				SWIFT_VERSION = 5.0;
				TARGETED_DEVICE_FAMILY = "1,2";
			};
			name = Release;
		};
		9F9CC21923E0DA3D00922D26 /* Debug */ = {
			isa = XCBuildConfiguration;
			buildSettings = {
				ALWAYS_EMBED_SWIFT_STANDARD_LIBRARIES = YES;
				BUNDLE_LOADER = "$(TEST_HOST)";
				CODE_SIGN_STYLE = Automatic;
				DEVELOPMENT_TEAM = J35376R2S6;
				INFOPLIST_FILE = "Programmatic UI LabTests/Info.plist";
				IPHONEOS_DEPLOYMENT_TARGET = 13.2;
				LD_RUNPATH_SEARCH_PATHS = (
					"$(inherited)",
					"@executable_path/Frameworks",
					"@loader_path/Frameworks",
				);
				PRODUCT_BUNDLE_IDENTIFIER = "com.Margiett.Programmatic-UI-LabTests";
				PRODUCT_NAME = "$(TARGET_NAME)";
				SWIFT_VERSION = 5.0;
				TARGETED_DEVICE_FAMILY = "1,2";
				TEST_HOST = "$(BUILT_PRODUCTS_DIR)/Programmatic UI Lab.app/Programmatic UI Lab";
			};
			name = Debug;
		};
		9F9CC21A23E0DA3D00922D26 /* Release */ = {
			isa = XCBuildConfiguration;
			buildSettings = {
				ALWAYS_EMBED_SWIFT_STANDARD_LIBRARIES = YES;
				BUNDLE_LOADER = "$(TEST_HOST)";
				CODE_SIGN_STYLE = Automatic;
				DEVELOPMENT_TEAM = J35376R2S6;
				INFOPLIST_FILE = "Programmatic UI LabTests/Info.plist";
				IPHONEOS_DEPLOYMENT_TARGET = 13.2;
				LD_RUNPATH_SEARCH_PATHS = (
					"$(inherited)",
					"@executable_path/Frameworks",
					"@loader_path/Frameworks",
				);
				PRODUCT_BUNDLE_IDENTIFIER = "com.Margiett.Programmatic-UI-LabTests";
				PRODUCT_NAME = "$(TARGET_NAME)";
				SWIFT_VERSION = 5.0;
				TARGETED_DEVICE_FAMILY = "1,2";
				TEST_HOST = "$(BUILT_PRODUCTS_DIR)/Programmatic UI Lab.app/Programmatic UI Lab";
			};
			name = Release;
		};
/* End XCBuildConfiguration section */

/* Begin XCConfigurationList section */
		9F9CC1F123E0DA3B00922D26 /* Build configuration list for PBXProject "Programmatic UI Lab" */ = {
			isa = XCConfigurationList;
			buildConfigurations = (
				9F9CC21323E0DA3D00922D26 /* Debug */,
				9F9CC21423E0DA3D00922D26 /* Release */,
			);
			defaultConfigurationIsVisible = 0;
			defaultConfigurationName = Release;
		};
		9F9CC21523E0DA3D00922D26 /* Build configuration list for PBXNativeTarget "Programmatic UI Lab" */ = {
			isa = XCConfigurationList;
			buildConfigurations = (
				9F9CC21623E0DA3D00922D26 /* Debug */,
				9F9CC21723E0DA3D00922D26 /* Release */,
			);
			defaultConfigurationIsVisible = 0;
			defaultConfigurationName = Release;
		};
		9F9CC21823E0DA3D00922D26 /* Build configuration list for PBXNativeTarget "Programmatic UI LabTests" */ = {
			isa = XCConfigurationList;
			buildConfigurations = (
				9F9CC21923E0DA3D00922D26 /* Debug */,
				9F9CC21A23E0DA3D00922D26 /* Release */,
			);
			defaultConfigurationIsVisible = 0;
			defaultConfigurationName = Release;
		};
/* End XCConfigurationList section */
	};
	rootObject = 9F9CC1EE23E0DA3B00922D26 /* Project object */;
}
